{
    "_readme": [
        "This file locks the dependencies of your project to a known state",
        "Read more about it at https://getcomposer.org/doc/01-basic-usage.md#installing-dependencies",
        "This file is @generated automatically"
    ],
    "content-hash": "0b64c12d7bc69656e7c602159ce42e4d",
    "packages": [
        {
            "name": "cebe/markdown",
            "version": "1.2.1",
            "source": {
                "type": "git",
                "url": "https://github.com/cebe/markdown.git",
                "reference": "9bac5e971dd391e2802dca5400bbeacbaea9eb86"
            },
            "dist": {
                "type": "zip",
                "url": "https://api.github.com/repos/cebe/markdown/zipball/9bac5e971dd391e2802dca5400bbeacbaea9eb86",
                "reference": "9bac5e971dd391e2802dca5400bbeacbaea9eb86",
                "shasum": ""
            },
            "require": {
                "lib-pcre": "*",
                "php": ">=5.4.0"
            },
            "require-dev": {
                "cebe/indent": "*",
                "facebook/xhprof": "*@dev",
                "phpunit/phpunit": "4.1.*"
            },
            "bin": [
                "bin/markdown"
            ],
            "type": "library",
            "extra": {
                "branch-alias": {
                    "dev-master": "1.2.x-dev"
                }
            },
            "autoload": {
                "psr-4": {
                    "cebe\\markdown\\": ""
                }
            },
            "notification-url": "https://packagist.org/downloads/",
            "license": [
                "MIT"
            ],
            "authors": [
                {
                    "name": "Carsten Brandt",
                    "email": "mail@cebe.cc",
                    "homepage": "http://cebe.cc/",
                    "role": "Creator"
                }
            ],
            "description": "A super fast, highly extensible markdown parser for PHP",
            "homepage": "https://github.com/cebe/markdown#readme",
            "keywords": [
                "extensible",
                "fast",
                "gfm",
                "markdown",
                "markdown-extra"
            ],
            "support": {
                "issues": "https://github.com/cebe/markdown/issues",
                "source": "https://github.com/cebe/markdown"
            },
            "time": "2018-03-26T11:24:36+00:00"
        },
        {
            "name": "ezyang/htmlpurifier",
            "version": "v4.16.0",
            "source": {
                "type": "git",
                "url": "https://github.com/ezyang/htmlpurifier.git",
                "reference": "523407fb06eb9e5f3d59889b3978d5bfe94299c8"
            },
            "dist": {
                "type": "zip",
                "url": "https://api.github.com/repos/ezyang/htmlpurifier/zipball/523407fb06eb9e5f3d59889b3978d5bfe94299c8",
                "reference": "523407fb06eb9e5f3d59889b3978d5bfe94299c8",
                "shasum": ""
            },
            "require": {
                "php": "~5.6.0 || ~7.0.0 || ~7.1.0 || ~7.2.0 || ~7.3.0 || ~7.4.0 || ~8.0.0 || ~8.1.0 || ~8.2.0"
            },
            "require-dev": {
                "cerdic/css-tidy": "^1.7 || ^2.0",
                "simpletest/simpletest": "dev-master"
            },
            "suggest": {
                "cerdic/css-tidy": "If you want to use the filter 'Filter.ExtractStyleBlocks'.",
                "ext-bcmath": "Used for unit conversion and imagecrash protection",
                "ext-iconv": "Converts text to and from non-UTF-8 encodings",
                "ext-tidy": "Used for pretty-printing HTML"
            },
            "type": "library",
            "autoload": {
                "files": [
                    "library/HTMLPurifier.composer.php"
                ],
                "psr-0": {
                    "HTMLPurifier": "library/"
                },
                "exclude-from-classmap": [
                    "/library/HTMLPurifier/Language/"
                ]
            },
            "notification-url": "https://packagist.org/downloads/",
            "license": [
                "LGPL-2.1-or-later"
            ],
            "authors": [
                {
                    "name": "Edward Z. Yang",
                    "email": "admin@htmlpurifier.org",
                    "homepage": "http://ezyang.com"
                }
            ],
            "description": "Standards compliant HTML filter written in PHP",
            "homepage": "http://htmlpurifier.org/",
            "keywords": [
                "html"
            ],
            "support": {
                "issues": "https://github.com/ezyang/htmlpurifier/issues",
                "source": "https://github.com/ezyang/htmlpurifier/tree/v4.16.0"
            },
            "time": "2022-09-18T07:06:19+00:00"
        },
        {
            "name": "laminas/laminas-crypt",
            "version": "3.8.0",
            "source": {
                "type": "git",
                "url": "https://github.com/laminas/laminas-crypt.git",
                "reference": "0972bb907fd555c16e2a65309b66720acf2b8699"
            },
            "dist": {
                "type": "zip",
                "url": "https://api.github.com/repos/laminas/laminas-crypt/zipball/0972bb907fd555c16e2a65309b66720acf2b8699",
                "reference": "0972bb907fd555c16e2a65309b66720acf2b8699",
                "shasum": ""
            },
            "require": {
                "ext-mbstring": "*",
                "laminas/laminas-math": "^3.4",
                "laminas/laminas-servicemanager": "^3.11.2",
                "laminas/laminas-stdlib": "^3.6",
                "php": "^7.4 || ~8.0.0 || ~8.1.0",
                "psr/container": "^1.1"
            },
            "conflict": {
                "zendframework/zend-crypt": "*"
            },
            "require-dev": {
                "laminas/laminas-coding-standard": "~2.3.0",
                "phpunit/phpunit": "^9.5.11"
            },
            "suggest": {
                "ext-openssl": "Required for most features of Laminas\\Crypt"
            },
            "type": "library",
            "autoload": {
                "psr-4": {
                    "Laminas\\Crypt\\": "src/"
                }
            },
            "notification-url": "https://packagist.org/downloads/",
            "license": [
                "BSD-3-Clause"
            ],
            "description": "Strong cryptography tools and password hashing",
            "homepage": "https://laminas.dev",
            "keywords": [
                "crypt",
                "laminas"
            ],
            "support": {
                "chat": "https://laminas.dev/chat",
                "docs": "https://docs.laminas.dev/laminas-crypt/",
                "forum": "https://discourse.laminas.dev",
                "issues": "https://github.com/laminas/laminas-crypt/issues",
                "rss": "https://github.com/laminas/laminas-crypt/releases.atom",
                "source": "https://github.com/laminas/laminas-crypt"
            },
            "funding": [
                {
                    "url": "https://funding.communitybridge.org/projects/laminas-project",
                    "type": "community_bridge"
                }
            ],
            "time": "2022-04-12T14:28:29+00:00"
        },
        {
            "name": "laminas/laminas-math",
            "version": "3.5.0",
            "source": {
                "type": "git",
                "url": "https://github.com/laminas/laminas-math.git",
                "reference": "146d8187ab247ae152e811a6704a953d43537381"
            },
            "dist": {
                "type": "zip",
                "url": "https://api.github.com/repos/laminas/laminas-math/zipball/146d8187ab247ae152e811a6704a953d43537381",
                "reference": "146d8187ab247ae152e811a6704a953d43537381",
                "shasum": ""
            },
            "require": {
                "ext-mbstring": "*",
                "php": "^7.3 || ~8.0.0 || ~8.1.0"
            },
            "conflict": {
                "zendframework/zend-math": "*"
            },
            "require-dev": {
                "laminas/laminas-coding-standard": "~1.0.0",
                "phpunit/phpunit": "^9.5.5"
            },
            "suggest": {
                "ext-bcmath": "If using the bcmath functionality",
                "ext-gmp": "If using the gmp functionality"
            },
            "type": "library",
            "extra": {
                "branch-alias": {
                    "dev-master": "3.2.x-dev",
                    "dev-develop": "3.3.x-dev"
                }
            },
            "autoload": {
                "psr-4": {
                    "Laminas\\Math\\": "src/"
                }
            },
            "notification-url": "https://packagist.org/downloads/",
            "license": [
                "BSD-3-Clause"
            ],
            "description": "Create cryptographically secure pseudo-random numbers, and manage big integers",
            "homepage": "https://laminas.dev",
            "keywords": [
                "laminas",
                "math"
            ],
            "support": {
                "chat": "https://laminas.dev/chat",
                "docs": "https://docs.laminas.dev/laminas-math/",
                "forum": "https://discourse.laminas.dev",
                "issues": "https://github.com/laminas/laminas-math/issues",
                "rss": "https://github.com/laminas/laminas-math/releases.atom",
                "source": "https://github.com/laminas/laminas-math"
            },
            "funding": [
                {
                    "url": "https://funding.communitybridge.org/projects/laminas-project",
                    "type": "community_bridge"
                }
            ],
            "time": "2021-12-06T02:02:07+00:00"
        },
        {
            "name": "laminas/laminas-servicemanager",
            "version": "3.17.0",
            "source": {
                "type": "git",
                "url": "https://github.com/laminas/laminas-servicemanager.git",
                "reference": "360be5f16955dd1edbcce1cfaa98ed82a17f02ec"
            },
            "dist": {
                "type": "zip",
                "url": "https://api.github.com/repos/laminas/laminas-servicemanager/zipball/360be5f16955dd1edbcce1cfaa98ed82a17f02ec",
                "reference": "360be5f16955dd1edbcce1cfaa98ed82a17f02ec",
                "shasum": ""
            },
            "require": {
                "laminas/laminas-stdlib": "^3.2.1",
                "php": "~7.4.0 || ~8.0.0 || ~8.1.0",
                "psr/container": "^1.0"
            },
            "conflict": {
                "ext-psr": "*",
                "laminas/laminas-code": "<3.3.1",
                "zendframework/zend-code": "<3.3.1",
                "zendframework/zend-servicemanager": "*"
            },
            "provide": {
                "psr/container-implementation": "^1.0"
            },
            "replace": {
                "container-interop/container-interop": "^1.2.0"
            },
            "require-dev": {
                "composer/package-versions-deprecated": "^1.0",
                "laminas/laminas-coding-standard": "~2.4.0",
                "laminas/laminas-container-config-test": "^0.7",
                "laminas/laminas-dependency-plugin": "^2.1.2",
                "mikey179/vfsstream": "^1.6.10@alpha",
                "ocramius/proxy-manager": "^2.11",
                "phpbench/phpbench": "^1.1",
                "phpspec/prophecy-phpunit": "^2.0",
                "phpunit/phpunit": "^9.5.5",
                "psalm/plugin-phpunit": "^0.17.0",
                "vimeo/psalm": "^4.8"
            },
            "suggest": {
                "ocramius/proxy-manager": "ProxyManager ^2.1.1 to handle lazy initialization of services"
            },
            "bin": [
                "bin/generate-deps-for-config-factory",
                "bin/generate-factory-for-class"
            ],
            "type": "library",
            "autoload": {
                "files": [
                    "src/autoload.php"
                ],
                "psr-4": {
                    "Laminas\\ServiceManager\\": "src/"
                }
            },
            "notification-url": "https://packagist.org/downloads/",
            "license": [
                "BSD-3-Clause"
            ],
            "description": "Factory-Driven Dependency Injection Container",
            "homepage": "https://laminas.dev",
            "keywords": [
                "PSR-11",
                "dependency-injection",
                "di",
                "dic",
                "laminas",
                "service-manager",
                "servicemanager"
            ],
            "support": {
                "chat": "https://laminas.dev/chat",
                "docs": "https://docs.laminas.dev/laminas-servicemanager/",
                "forum": "https://discourse.laminas.dev",
                "issues": "https://github.com/laminas/laminas-servicemanager/issues",
                "rss": "https://github.com/laminas/laminas-servicemanager/releases.atom",
                "source": "https://github.com/laminas/laminas-servicemanager"
            },
            "funding": [
                {
                    "url": "https://funding.communitybridge.org/projects/laminas-project",
                    "type": "community_bridge"
                }
            ],
            "time": "2022-09-22T11:33:46+00:00"
        },
        {
            "name": "laminas/laminas-stdlib",
            "version": "3.13.0",
            "source": {
                "type": "git",
                "url": "https://github.com/laminas/laminas-stdlib.git",
                "reference": "66a6d03c381f6c9f1dd988bf8244f9afb9380d76"
            },
            "dist": {
                "type": "zip",
                "url": "https://api.github.com/repos/laminas/laminas-stdlib/zipball/66a6d03c381f6c9f1dd988bf8244f9afb9380d76",
                "reference": "66a6d03c381f6c9f1dd988bf8244f9afb9380d76",
                "shasum": ""
            },
            "require": {
                "php": "^7.4 || ~8.0.0 || ~8.1.0"
            },
            "conflict": {
                "zendframework/zend-stdlib": "*"
            },
            "require-dev": {
                "laminas/laminas-coding-standard": "~2.3.0",
                "phpbench/phpbench": "^1.2.6",
                "phpstan/phpdoc-parser": "^0.5.4",
                "phpunit/phpunit": "^9.5.23",
                "psalm/plugin-phpunit": "^0.17.0",
                "vimeo/psalm": "^4.26"
            },
            "type": "library",
            "autoload": {
                "psr-4": {
                    "Laminas\\Stdlib\\": "src/"
                }
            },
            "notification-url": "https://packagist.org/downloads/",
            "license": [
                "BSD-3-Clause"
            ],
            "description": "SPL extensions, array utilities, error handlers, and more",
            "homepage": "https://laminas.dev",
            "keywords": [
                "laminas",
                "stdlib"
            ],
            "support": {
                "chat": "https://laminas.dev/chat",
                "docs": "https://docs.laminas.dev/laminas-stdlib/",
                "forum": "https://discourse.laminas.dev",
                "issues": "https://github.com/laminas/laminas-stdlib/issues",
                "rss": "https://github.com/laminas/laminas-stdlib/releases.atom",
                "source": "https://github.com/laminas/laminas-stdlib"
            },
            "funding": [
                {
                    "url": "https://funding.communitybridge.org/projects/laminas-project",
                    "type": "community_bridge"
                }
            ],
            "time": "2022-08-24T13:56:50+00:00"
        },
        {
            "name": "paragonie/random_compat",
            "version": "v9.99.100",
            "source": {
                "type": "git",
                "url": "https://github.com/paragonie/random_compat.git",
                "reference": "996434e5492cb4c3edcb9168db6fbb1359ef965a"
            },
            "dist": {
                "type": "zip",
                "url": "https://api.github.com/repos/paragonie/random_compat/zipball/996434e5492cb4c3edcb9168db6fbb1359ef965a",
                "reference": "996434e5492cb4c3edcb9168db6fbb1359ef965a",
                "shasum": ""
            },
            "require": {
                "php": ">= 7"
            },
            "require-dev": {
                "phpunit/phpunit": "4.*|5.*",
                "vimeo/psalm": "^1"
            },
            "suggest": {
                "ext-libsodium": "Provides a modern crypto API that can be used to generate random bytes."
            },
            "type": "library",
            "notification-url": "https://packagist.org/downloads/",
            "license": [
                "MIT"
            ],
            "authors": [
                {
                    "name": "Paragon Initiative Enterprises",
                    "email": "security@paragonie.com",
                    "homepage": "https://paragonie.com"
                }
            ],
            "description": "PHP 5.x polyfill for random_bytes() and random_int() from PHP 7",
            "keywords": [
                "csprng",
                "polyfill",
                "pseudorandom",
                "random"
            ],
            "support": {
                "email": "info@paragonie.com",
                "issues": "https://github.com/paragonie/random_compat/issues",
                "source": "https://github.com/paragonie/random_compat"
            },
            "time": "2020-10-15T08:29:30+00:00"
        },
        {
            "name": "psr/container",
            "version": "1.1.2",
            "source": {
                "type": "git",
                "url": "https://github.com/php-fig/container.git",
                "reference": "513e0666f7216c7459170d56df27dfcefe1689ea"
            },
            "dist": {
                "type": "zip",
                "url": "https://api.github.com/repos/php-fig/container/zipball/513e0666f7216c7459170d56df27dfcefe1689ea",
                "reference": "513e0666f7216c7459170d56df27dfcefe1689ea",
                "shasum": ""
            },
            "require": {
                "php": ">=7.4.0"
            },
            "type": "library",
            "autoload": {
                "psr-4": {
                    "Psr\\Container\\": "src/"
                }
            },
            "notification-url": "https://packagist.org/downloads/",
            "license": [
                "MIT"
            ],
            "authors": [
                {
                    "name": "PHP-FIG",
                    "homepage": "https://www.php-fig.org/"
                }
            ],
            "description": "Common Container Interface (PHP FIG PSR-11)",
            "homepage": "https://github.com/php-fig/container",
            "keywords": [
                "PSR-11",
                "container",
                "container-interface",
                "container-interop",
                "psr"
            ],
            "support": {
                "issues": "https://github.com/php-fig/container/issues",
                "source": "https://github.com/php-fig/container/tree/1.1.2"
            },
            "time": "2021-11-05T16:50:12+00:00"
        },
        {
            "name": "smarty/smarty",
            "version": "v4.3.1",
            "source": {
                "type": "git",
                "url": "https://github.com/smarty-php/smarty.git",
                "reference": "e28cb0915b4e3749bf57d4ebae2984e25395cfe5"
            },
            "dist": {
                "type": "zip",
                "url": "https://api.github.com/repos/smarty-php/smarty/zipball/e28cb0915b4e3749bf57d4ebae2984e25395cfe5",
                "reference": "e28cb0915b4e3749bf57d4ebae2984e25395cfe5",
                "shasum": ""
            },
            "require": {
                "php": "^7.1 || ^8.0"
            },
            "require-dev": {
                "phpunit/phpunit": "^8.5 || ^7.5",
                "smarty/smarty-lexer": "^3.1"
            },
            "type": "library",
            "extra": {
                "branch-alias": {
                    "dev-master": "4.0.x-dev"
                }
            },
            "autoload": {
                "classmap": [
                    "libs/"
                ]
            },
            "notification-url": "https://packagist.org/downloads/",
            "license": [
                "LGPL-3.0"
            ],
            "authors": [
                {
                    "name": "Monte Ohrt",
                    "email": "monte@ohrt.com"
                },
                {
                    "name": "Uwe Tews",
                    "email": "uwe.tews@googlemail.com"
                },
                {
                    "name": "Rodney Rehm",
                    "email": "rodney.rehm@medialize.de"
                },
                {
                    "name": "Simon Wisselink",
                    "homepage": "https://www.iwink.nl/"
                }
            ],
            "description": "Smarty - the compiling PHP template engine",
            "homepage": "https://smarty-php.github.io/smarty/",
            "keywords": [
                "templating"
            ],
            "support": {
                "forum": "https://github.com/smarty-php/smarty/discussions",
                "issues": "https://github.com/smarty-php/smarty/issues",
                "source": "https://github.com/smarty-php/smarty/tree/v4.3.1"
            },
            "time": "2023-03-28T19:47:03+00:00"
        },
        {
            "name": "yiisoft/yii2",
            "version": "2.0.47",
            "source": {
                "type": "git",
                "url": "https://github.com/yiisoft/yii2-framework.git",
                "reference": "8ecf57895d9c4b29cf9658ffe57af5f3d0e25254"
            },
            "dist": {
                "type": "zip",
                "url": "https://api.github.com/repos/yiisoft/yii2-framework/zipball/8ecf57895d9c4b29cf9658ffe57af5f3d0e25254",
                "reference": "8ecf57895d9c4b29cf9658ffe57af5f3d0e25254",
                "shasum": ""
            },
            "require": {
                "bower-asset/inputmask": "~3.2.2 | ~3.3.5",
                "bower-asset/jquery": "3.6.*@stable | 3.5.*@stable | 3.4.*@stable | 3.3.*@stable | 3.2.*@stable | 3.1.*@stable | 2.2.*@stable | 2.1.*@stable | 1.11.*@stable | 1.12.*@stable",
                "bower-asset/punycode": "1.3.*",
                "bower-asset/yii2-pjax": "~2.0.1",
                "cebe/markdown": "~1.0.0 | ~1.1.0 | ~1.2.0",
                "ext-ctype": "*",
                "ext-mbstring": "*",
                "ezyang/htmlpurifier": "~4.6",
                "lib-pcre": "*",
                "paragonie/random_compat": ">=1",
                "php": ">=5.4.0",
                "yiisoft/yii2-composer": "~2.0.4"
            },
            "bin": [
                "yii"
            ],
            "type": "library",
            "extra": {
                "branch-alias": {
                    "dev-master": "2.0.x-dev"
                }
            },
            "autoload": {
                "psr-4": {
                    "yii\\": ""
                }
            },
            "notification-url": "https://packagist.org/downloads/",
            "license": [
                "BSD-3-Clause"
            ],
            "authors": [
                {
                    "name": "Qiang Xue",
                    "email": "qiang.xue@gmail.com",
                    "homepage": "https://www.yiiframework.com/",
                    "role": "Founder and project lead"
                },
                {
                    "name": "Alexander Makarov",
                    "email": "sam@rmcreative.ru",
                    "homepage": "https://rmcreative.ru/",
                    "role": "Core framework development"
                },
                {
                    "name": "Maurizio Domba",
                    "homepage": "http://mdomba.info/",
                    "role": "Core framework development"
                },
                {
                    "name": "Carsten Brandt",
                    "email": "mail@cebe.cc",
                    "homepage": "https://www.cebe.cc/",
                    "role": "Core framework development"
                },
                {
                    "name": "Timur Ruziev",
                    "email": "resurtm@gmail.com",
                    "homepage": "http://resurtm.com/",
                    "role": "Core framework development"
                },
                {
                    "name": "Paul Klimov",
                    "email": "klimov.paul@gmail.com",
                    "role": "Core framework development"
                },
                {
                    "name": "Dmitry Naumenko",
                    "email": "d.naumenko.a@gmail.com",
                    "role": "Core framework development"
                },
                {
                    "name": "Boudewijn Vahrmeijer",
                    "email": "info@dynasource.eu",
                    "homepage": "http://dynasource.eu",
                    "role": "Core framework development"
                }
            ],
            "description": "Yii PHP Framework Version 2",
            "homepage": "https://www.yiiframework.com/",
            "keywords": [
                "framework",
                "yii2"
            ],
            "support": {
                "forum": "https://forum.yiiframework.com/",
                "irc": "ircs://irc.libera.chat:6697/yii",
                "issues": "https://github.com/yiisoft/yii2/issues?state=open",
                "source": "https://github.com/yiisoft/yii2",
                "wiki": "https://www.yiiframework.com/wiki"
            },
            "funding": [
                {
                    "url": "https://github.com/yiisoft",
                    "type": "github"
                },
                {
                    "url": "https://opencollective.com/yiisoft",
                    "type": "open_collective"
                },
                {
                    "url": "https://tidelift.com/funding/github/packagist/yiisoft/yii2",
                    "type": "tidelift"
                }
            ],
            "time": "2022-11-18T16:21:58+00:00"
        },
        {
            "name": "yiisoft/yii2-bootstrap",
            "version": "2.0.11",
            "source": {
                "type": "git",
                "url": "https://github.com/yiisoft/yii2-bootstrap.git",
                "reference": "83d144f4089adaa7064ad60dc4c1436daa2eb30e"
            },
            "dist": {
                "type": "zip",
                "url": "https://api.github.com/repos/yiisoft/yii2-bootstrap/zipball/83d144f4089adaa7064ad60dc4c1436daa2eb30e",
                "reference": "83d144f4089adaa7064ad60dc4c1436daa2eb30e",
                "shasum": ""
            },
            "require": {
                "bower-asset/bootstrap": "3.4.* | 3.3.* | 3.2.* | 3.1.*",
                "yiisoft/yii2": "~2.0.6"
            },
            "require-dev": {
                "cweagans/composer-patches": "^1.7",
                "phpunit/phpunit": "4.8.34"
            },
            "type": "yii2-extension",
            "extra": {
                "branch-alias": {
                    "dev-master": "2.0.x-dev"
                },
                "patches": {
                    "phpunit/phpunit-mock-objects": {
                        "Fix PHP 7 and 8 compatibility": "https://yiisoft.github.io/phpunit-patches/phpunit_mock_objects.patch"
                    },
                    "phpunit/phpunit": {
                        "Fix PHP 7 compatibility": "https://yiisoft.github.io/phpunit-patches/phpunit_php7.patch",
                        "Fix PHP 8 compatibility": "https://yiisoft.github.io/phpunit-patches/phpunit_php8.patch"
                    }
                }
            },
            "autoload": {
                "psr-4": {
                    "yii\\bootstrap\\": "src"
                }
            },
            "notification-url": "https://packagist.org/downloads/",
            "license": [
                "BSD-3-Clause"
            ],
            "authors": [
                {
                    "name": "Qiang Xue",
                    "email": "qiang.xue@gmail.com",
                    "homepage": "http://www.yiiframework.com/"
                },
                {
                    "name": "Alexander Makarov",
                    "email": "sam@rmcreative.ru",
                    "homepage": "http://rmcreative.ru/"
                },
                {
                    "name": "Antonio Ramirez",
                    "email": "amigo.cobos@gmail.com"
                },
                {
                    "name": "Paul Klimov",
                    "email": "klimov.paul@gmail.com"
                }
            ],
            "description": "The Twitter Bootstrap extension for the Yii framework",
            "keywords": [
                "bootstrap",
                "yii2"
            ],
            "support": {
                "forum": "http://www.yiiframework.com/forum/",
                "irc": "irc://irc.freenode.net/yii",
                "issues": "https://github.com/yiisoft/yii2-bootstrap/issues",
                "source": "https://github.com/yiisoft/yii2-bootstrap",
                "wiki": "http://www.yiiframework.com/wiki/"
            },
            "funding": [
                {
                    "url": "https://github.com/yiisoft",
                    "type": "github"
                },
                {
                    "url": "https://opencollective.com/yiisoft",
                    "type": "open_collective"
                },
                {
                    "url": "https://tidelift.com/funding/github/packagist/yiisoft/yii2-bootstrap",
                    "type": "tidelift"
                }
            ],
            "time": "2021-08-09T20:54:06+00:00"
        },
        {
            "name": "yiisoft/yii2-composer",
            "version": "2.0.10",
            "source": {
                "type": "git",
                "url": "https://github.com/yiisoft/yii2-composer.git",
                "reference": "94bb3f66e779e2774f8776d6e1bdeab402940510"
            },
            "dist": {
                "type": "zip",
                "url": "https://api.github.com/repos/yiisoft/yii2-composer/zipball/94bb3f66e779e2774f8776d6e1bdeab402940510",
                "reference": "94bb3f66e779e2774f8776d6e1bdeab402940510",
                "shasum": ""
            },
            "require": {
                "composer-plugin-api": "^1.0 | ^2.0"
            },
            "require-dev": {
                "composer/composer": "^1.0 | ^2.0@dev",
                "phpunit/phpunit": "<7"
            },
            "type": "composer-plugin",
            "extra": {
                "class": "yii\\composer\\Plugin",
                "branch-alias": {
                    "dev-master": "2.0.x-dev"
                }
            },
            "autoload": {
                "psr-4": {
                    "yii\\composer\\": ""
                }
            },
            "notification-url": "https://packagist.org/downloads/",
            "license": [
                "BSD-3-Clause"
            ],
            "authors": [
                {
                    "name": "Qiang Xue",
                    "email": "qiang.xue@gmail.com"
                },
                {
                    "name": "Carsten Brandt",
                    "email": "mail@cebe.cc"
                }
            ],
            "description": "The composer plugin for Yii extension installer",
            "keywords": [
                "composer",
                "extension installer",
                "yii2"
            ],
            "support": {
                "forum": "http://www.yiiframework.com/forum/",
                "irc": "irc://irc.freenode.net/yii",
                "issues": "https://github.com/yiisoft/yii2-composer/issues",
                "source": "https://github.com/yiisoft/yii2-composer",
                "wiki": "http://www.yiiframework.com/wiki/"
            },
            "funding": [
                {
                    "url": "https://github.com/yiisoft",
                    "type": "github"
                },
                {
                    "url": "https://opencollective.com/yiisoft",
                    "type": "open_collective"
                },
                {
                    "url": "https://tidelift.com/funding/github/packagist/yiisoft/yii2-composer",
                    "type": "tidelift"
                }
            ],
            "time": "2020-06-24T00:04:01+00:00"
        },
        {
            "name": "yiisoft/yii2-smarty",
            "version": "2.0.11",
            "source": {
                "type": "git",
                "url": "https://github.com/yiisoft/yii2-smarty.git",
                "reference": "b09390c40c6523b52a5783fe839c334d7fa1397a"
            },
            "dist": {
                "type": "zip",
                "url": "https://api.github.com/repos/yiisoft/yii2-smarty/zipball/b09390c40c6523b52a5783fe839c334d7fa1397a",
                "reference": "b09390c40c6523b52a5783fe839c334d7fa1397a",
                "shasum": ""
            },
            "require": {
                "smarty/smarty": "^3.1.0 | ^4.2.0",
                "yiisoft/yii2": "~2.0.0"
            },
            "require-dev": {
                "cweagans/composer-patches": "^1.7",
                "phpunit/phpunit": "4.8.34",
                "yiisoft/yii2-coding-standards": "~2.0"
            },
            "type": "yii2-extension",
            "extra": {
                "branch-alias": {
                    "dev-master": "2.0.x-dev"
                },
                "composer-exit-on-patch-failure": true,
                "patches": {
                    "phpunit/phpunit-mock-objects": {
                        "Fix PHP 7 and 8 compatibility": "https://yiisoft.github.io/phpunit-patches/phpunit_mock_objects.patch"
                    },
                    "phpunit/phpunit": {
                        "Fix PHP 7 compatibility": "https://yiisoft.github.io/phpunit-patches/phpunit_php7.patch",
                        "Fix PHP 8 compatibility": "https://yiisoft.github.io/phpunit-patches/phpunit_php8.patch"
                    }
                }
            },
            "autoload": {
                "psr-4": {
                    "yii\\smarty\\": "src"
                }
            },
            "notification-url": "https://packagist.org/downloads/",
            "license": [
                "BSD-3-Clause"
            ],
            "authors": [
                {
                    "name": "Alexander Makarov",
                    "email": "sam@rmcreative.ru"
                }
            ],
            "description": "The Smarty integration for the Yii framework",
            "keywords": [
                "renderer",
                "smarty",
                "yii2"
            ],
            "support": {
                "forum": "http://www.yiiframework.com/forum/",
                "irc": "irc://irc.freenode.net/yii",
                "issues": "https://github.com/yiisoft/yii2-smarty/issues",
                "source": "https://github.com/yiisoft/yii2-smarty",
                "wiki": "http://www.yiiframework.com/wiki/"
            },
            "funding": [
                {
                    "url": "https://github.com/yiisoft",
                    "type": "github"
                },
                {
                    "url": "https://opencollective.com/yiisoft",
                    "type": "open_collective"
                },
                {
                    "url": "https://tidelift.com/funding/github/packagist/yiisoft/yii2-smarty",
                    "type": "tidelift"
                }
            ],
            "time": "2022-11-18T17:13:46+00:00"
        }
    ],
    "packages-dev": [
        {
            "name": "phpspec/php-diff",
            "version": "v1.1.3",
            "source": {
                "type": "git",
                "url": "https://github.com/phpspec/php-diff.git",
                "reference": "fc1156187f9f6c8395886fe85ed88a0a245d72e9"
            },
            "dist": {
                "type": "zip",
                "url": "https://api.github.com/repos/phpspec/php-diff/zipball/fc1156187f9f6c8395886fe85ed88a0a245d72e9",
                "reference": "fc1156187f9f6c8395886fe85ed88a0a245d72e9",
                "shasum": ""
            },
            "type": "library",
            "extra": {
                "branch-alias": {
                    "dev-master": "1.0.x-dev"
                }
            },
            "autoload": {
                "psr-0": {
                    "Diff": "lib/"
                }
            },
            "notification-url": "https://packagist.org/downloads/",
            "license": [
                "BSD-3-Clause"
            ],
            "authors": [
                {
                    "name": "Chris Boulton",
                    "homepage": "http://github.com/chrisboulton"
                }
            ],
            "description": "A comprehensive library for generating differences between two hashable objects (strings or arrays).",
            "support": {
                "source": "https://github.com/phpspec/php-diff/tree/v1.1.3"
            },
            "time": "2020-09-18T13:47:07+00:00"
        },
        {
            "name": "squizlabs/php_codesniffer",
            "version": "3.7.1",
            "source": {
                "type": "git",
                "url": "https://github.com/squizlabs/PHP_CodeSniffer.git",
                "reference": "1359e176e9307e906dc3d890bcc9603ff6d90619"
            },
            "dist": {
                "type": "zip",
                "url": "https://api.github.com/repos/squizlabs/PHP_CodeSniffer/zipball/1359e176e9307e906dc3d890bcc9603ff6d90619",
                "reference": "1359e176e9307e906dc3d890bcc9603ff6d90619",
                "shasum": ""
            },
            "require": {
                "ext-simplexml": "*",
                "ext-tokenizer": "*",
                "ext-xmlwriter": "*",
                "php": ">=5.4.0"
            },
            "require-dev": {
                "phpunit/phpunit": "^4.0 || ^5.0 || ^6.0 || ^7.0"
            },
            "bin": [
                "bin/phpcs",
                "bin/phpcbf"
            ],
            "type": "library",
            "extra": {
                "branch-alias": {
                    "dev-master": "3.x-dev"
                }
            },
            "notification-url": "https://packagist.org/downloads/",
            "license": [
                "BSD-3-Clause"
            ],
            "authors": [
                {
                    "name": "Greg Sherwood",
                    "role": "lead"
                }
            ],
            "description": "PHP_CodeSniffer tokenizes PHP, JavaScript and CSS files and detects violations of a defined set of coding standards.",
            "homepage": "https://github.com/squizlabs/PHP_CodeSniffer",
            "keywords": [
                "phpcs",
                "standards"
            ],
            "support": {
                "issues": "https://github.com/squizlabs/PHP_CodeSniffer/issues",
                "source": "https://github.com/squizlabs/PHP_CodeSniffer",
                "wiki": "https://github.com/squizlabs/PHP_CodeSniffer/wiki"
            },
            "time": "2022-06-18T07:21:10+00:00"
        },
        {
            "name": "yiisoft/yii2-debug",
            "version": "2.1.22",
            "source": {
                "type": "git",
                "url": "https://github.com/yiisoft/yii2-debug.git",
                "reference": "c0fa388c56b64edfb92987fdcc37d7a0243170d7"
            },
            "dist": {
                "type": "zip",
                "url": "https://api.github.com/repos/yiisoft/yii2-debug/zipball/c0fa388c56b64edfb92987fdcc37d7a0243170d7",
                "reference": "c0fa388c56b64edfb92987fdcc37d7a0243170d7",
                "shasum": ""
            },
            "require": {
                "ext-mbstring": "*",
                "php": ">=5.4",
                "yiisoft/yii2": "~2.0.13"
            },
            "require-dev": {
                "cweagans/composer-patches": "^1.7",
                "phpunit/phpunit": "4.8.34",
                "yiisoft/yii2-coding-standards": "~2.0",
                "yiisoft/yii2-swiftmailer": "*"
            },
            "type": "yii2-extension",
            "extra": {
                "branch-alias": {
                    "dev-master": "2.0.x-dev"
                },
                "composer-exit-on-patch-failure": true,
                "patches": {
                    "phpunit/phpunit-mock-objects": {
                        "Fix PHP 7 and 8 compatibility": "https://yiisoft.github.io/phpunit-patches/phpunit_mock_objects.patch"
                    },
                    "phpunit/phpunit": {
                        "Fix PHP 7 compatibility": "https://yiisoft.github.io/phpunit-patches/phpunit_php7.patch",
                        "Fix PHP 8 compatibility": "https://yiisoft.github.io/phpunit-patches/phpunit_php8.patch",
                        "Fix PHP 8.1 compatibility": "https://yiisoft.github.io/phpunit-patches/phpunit_php81.patch"
                    }
                }
            },
            "autoload": {
                "psr-4": {
                    "yii\\debug\\": "src"
                }
            },
            "notification-url": "https://packagist.org/downloads/",
            "license": [
                "BSD-3-Clause"
            ],
            "authors": [
                {
                    "name": "Qiang Xue",
                    "email": "qiang.xue@gmail.com"
                },
                {
                    "name": "Simon Karlen",
                    "email": "simi.albi@outlook.com"
                }
            ],
            "description": "The debugger extension for the Yii framework",
            "keywords": [
                "debug",
                "debugger",
                "yii2"
            ],
            "support": {
                "forum": "http://www.yiiframework.com/forum/",
                "irc": "irc://irc.freenode.net/yii",
                "issues": "https://github.com/yiisoft/yii2-debug/issues",
                "source": "https://github.com/yiisoft/yii2-debug",
                "wiki": "http://www.yiiframework.com/wiki/"
            },
            "funding": [
                {
                    "url": "https://github.com/yiisoft",
                    "type": "github"
                },
                {
                    "url": "https://opencollective.com/yiisoft",
                    "type": "open_collective"
                },
                {
                    "url": "https://tidelift.com/funding/github/packagist/yiisoft/yii2-debug",
                    "type": "tidelift"
                }
            ],
            "time": "2022-11-18T17:29:27+00:00"
        },
        {
            "name": "yiisoft/yii2-gii",
            "version": "2.2.5",
            "source": {
                "type": "git",
                "url": "https://github.com/yiisoft/yii2-gii.git",
                "reference": "e2f2dcf0f16713e678df6ba70362c99a215a8f72"
            },
            "dist": {
                "type": "zip",
                "url": "https://api.github.com/repos/yiisoft/yii2-gii/zipball/e2f2dcf0f16713e678df6ba70362c99a215a8f72",
                "reference": "e2f2dcf0f16713e678df6ba70362c99a215a8f72",
                "shasum": ""
            },
            "require": {
                "phpspec/php-diff": "^1.1.0",
                "yiisoft/yii2": "~2.0.14"
            },
            "require-dev": {
                "cweagans/composer-patches": "^1.7",
                "phpunit/phpunit": "4.8.34",
                "yiisoft/yii2-coding-standards": "~2.0"
            },
            "type": "yii2-extension",
            "extra": {
                "branch-alias": {
                    "dev-master": "2.0.x-dev"
                },
                "composer-exit-on-patch-failure": true,
                "patches": {
                    "phpunit/phpunit-mock-objects": {
                        "Fix PHP 7 and 8 compatibility": "https://yiisoft.github.io/phpunit-patches/phpunit_mock_objects.patch"
                    },
                    "phpunit/phpunit": {
                        "Fix PHP 7 compatibility": "https://yiisoft.github.io/phpunit-patches/phpunit_php7.patch",
                        "Fix PHP 8 compatibility": "https://yiisoft.github.io/phpunit-patches/phpunit_php8.patch"
                    }
                }
            },
            "autoload": {
                "psr-4": {
                    "yii\\gii\\": "src"
                }
            },
            "notification-url": "https://packagist.org/downloads/",
            "license": [
                "BSD-3-Clause"
            ],
            "authors": [
                {
                    "name": "Qiang Xue",
                    "email": "qiang.xue@gmail.com"
                }
            ],
            "description": "The Gii extension for the Yii framework",
            "keywords": [
                "code generator",
                "gii",
                "yii2"
            ],
            "support": {
                "forum": "http://www.yiiframework.com/forum/",
                "irc": "irc://irc.freenode.net/yii",
                "issues": "https://github.com/yiisoft/yii2-gii/issues",
                "source": "https://github.com/yiisoft/yii2-gii",
                "wiki": "http://www.yiiframework.com/wiki/"
            },
            "funding": [
                {
                    "url": "https://github.com/yiisoft",
                    "type": "github"
                },
                {
                    "url": "https://opencollective.com/yiisoft",
                    "type": "open_collective"
                },
                {
                    "url": "https://tidelift.com/funding/github/packagist/yiisoft/yii2-gii",
                    "type": "tidelift"
                }
            ],
            "time": "2022-09-04T10:00:25+00:00"
        }
    ],
    "aliases": [],
    "minimum-stability": "stable",
    "stability-flags": [],
    "prefer-stable": false,
    "prefer-lowest": false,
    "platform": {
        "php": ">= 7.4",
        "ext-intl": "*",
        "ext-mbstring": "*",
        "ext-mcrypt": "*",
        "ext-pcre": "*"
    },
    "platform-dev": [],
    "platform-overrides": {
        "php": "7.4.29"
    },
    "plugin-api-version": "2.3.0"
}
